
Microsoft Visual Studio Solution File, Format Version 12.00
# Visual Studio Version 16
VisualStudioVersion = 16.0.30717.126
MinimumVisualStudioVersion = 10.0.40219.1
Project("{FAE04EC0-301F-11D3-BF4B-00C04F79EFBC}") = "MAIN", "MAIN\MAIN.csproj", "{2E3943C9-7F91-4B71-8120-9F030749C327}"
	ProjectSection(ProjectDependencies) = postProject
		{EB29AF94-D4F5-4CCD-A8B6-C1FCA03755CE} = {EB29AF94-D4F5-4CCD-A8B6-C1FCA03755CE}
	EndProjectSection
EndProject
Project("{FAE04EC0-301F-11D3-BF4B-00C04F79EFBC}") = "ComVar", "ComVar\ComVar.csproj", "{1FDD4C55-6914-47C9-89F0-682D023AC3A9}"
EndProject
Project("{FAE04EC0-301F-11D3-BF4B-00C04F79EFBC}") = "178.TMS_DASHBOARD", "54.TMS_01\178.TMS_DASHBOARD.csproj", "{D57E420E-FAF5-4778-9F6B-F5B9E0868A3D}"
	ProjectSection(ProjectDependencies) = postProject
		{2E3943C9-7F91-4B71-8120-9F030749C327} = {2E3943C9-7F91-4B71-8120-9F030749C327}
	EndProjectSection
EndProject
Project("{FAE04EC0-301F-11D3-BF4B-00C04F79EFBC}") = "190.TMS_BTS", "54.TMS_BTS\190.TMS_BTS.csproj", "{C3399DB8-F4B6-4746-8FC4-AA705B3AEF0A}"
EndProject
Project("{FAE04EC0-301F-11D3-BF4B-00C04F79EFBC}") = "223.TMS_BT", "223.TMS_BOTTOM\223.TMS_BT.csproj", "{D2E0D7EA-3C8C-418E-998B-17D8E8973A6B}"
EndProject
Project("{FAE04EC0-301F-11D3-BF4B-00C04F79EFBC}") = "230.TMS_LT", "230.TMS_LT\230.TMS_LT.csproj", "{9145777D-B75F-44D3-9FE0-814E89FA6CE7}"
EndProject
Project("{FAE04EC0-301F-11D3-BF4B-00C04F79EFBC}") = "331.TMS_HOME", "331.TMS_HOME\331.TMS_HOME.csproj", "{7587E7B6-A4A0-4D0D-8BE3-DC85AFB7184B}"
EndProject
Project("{FAE04EC0-301F-11D3-BF4B-00C04F79EFBC}") = "Com", "COM\Com.csproj", "{992378C3-66A1-4E98-96F5-CE2B26E0CAB2}"
EndProject
Project("{FAE04EC0-301F-11D3-BF4B-00C04F79EFBC}") = "600.TMS_PREFIT", "600.TMS_PREFIT\600.TMS_PREFIT.csproj", "{F63D1251-F1F4-4EFF-8732-8E0EEF548653}"
EndProject
Project("{FAE04EC0-301F-11D3-BF4B-00C04F79EFBC}") = "601.TMS_PREFIT_OUTGOING", "601.TMS_PREFIT_OUTGOING\601.TMS_PREFIT_OUTGOING.csproj", "{443F16C7-5C04-47C1-91A4-A9CF52EC2AE7}"
EndProject
Project("{FAE04EC0-301F-11D3-BF4B-00C04F79EFBC}") = "602.TMS_PREFIT_SET_BY_PLANT", "602.TMS_PREFIT_SET_BY_PLANT\602.TMS_PREFIT_SET_BY_PLANT.csproj", "{72AA8068-8A38-4D03-A1DB-E813EB7232CA}"
EndProject
Project("{FAE04EC0-301F-11D3-BF4B-00C04F79EFBC}") = "602.TMS_PREFIT_HOME", "602.TMS_PREFIT_HOME\602.TMS_PREFIT_HOME.csproj", "{256991B0-C670-4626-B90A-7C30D90A6EF7}"
EndProject
Project("{FAE04EC0-301F-11D3-BF4B-00C04F79EFBC}") = "616.TMS_PREFIT_SET", "616.TMS_PREFIT_SET\616.TMS_PREFIT_SET.csproj", "{4B16A6B6-3093-4FB2-AF14-1BCF83E3D740}"
EndProject
Project("{FAE04EC0-301F-11D3-BF4B-00C04F79EFBC}") = "SMT_MGL_DSF_VJ2", "300.SMT_MGL_DSF_VJ2\SMT_MGL_DSF_VJ2.csproj", "{A0AA289F-59D9-4AE8-A932-7602C620A0C9}"
EndProject
Project("{FAE04EC0-301F-11D3-BF4B-00C04F79EFBC}") = "1500.DSF_MGL_VJ3", "1500.DSF_MGL_VJ3\1500.DSF_MGL_VJ3.csproj", "{32A9DD19-C5FA-4FA5-A303-3F27EF11B577}"
EndProject
Project("{FAE04EC0-301F-11D3-BF4B-00C04F79EFBC}") = "SMT_MGL_DSF_VJ3", "300.SMT_MGL_DSF_VJ3\SMT_MGL_DSF_VJ3.csproj", "{B2D2A823-8924-4737-BAF7-2439D33A9A70}"
EndProject
Project("{FAE04EC0-301F-11D3-BF4B-00C04F79EFBC}") = "1550.DSF_MGL_VJ3_PRODUCTION", "1550.DSF_MGL_VJ3_PRODUCTION\1550.DSF_MGL_VJ3_PRODUCTION.csproj", "{2F0A3461-5D44-4CD3-9FCC-9D2D7BC3FD6F}"
EndProject
Project("{FAE04EC0-301F-11D3-BF4B-00C04F79EFBC}") = "1600.DSF_MGL_VJ3_QUALITY", "1560.DSF_MGL_VJ3_QUALITY\1600.DSF_MGL_VJ3_QUALITY.csproj", "{83D0E17A-78AE-496F-AE6D-1AC91DDED379}"
EndProject
Project("{FAE04EC0-301F-11D3-BF4B-00C04F79EFBC}") = "1650.DSF_MGL_VJ3_BTS", "1570.DSF_MGL_VJ3_BTS\1650.DSF_MGL_VJ3_BTS.csproj", "{0283EFFD-38D0-4758-B2A7-73A901FA913C}"
EndProject
Project("{FAE04EC0-301F-11D3-BF4B-00C04F79EFBC}") = "538.DSF_VJ3_MENU", "11.FORM_INS_MENU\538.DSF_VJ3_MENU.csproj", "{FBBE7E17-5F53-4802-B462-50F1901578ED}"
EndProject
Project("{FAE04EC0-301F-11D3-BF4B-00C04F79EFBC}") = "800.DSF_MGL_VJ2", "800.DSF_MGL_VJ2\800.DSF_MGL_VJ2.csproj", "{32EF3F82-21AE-4CC4-9C1D-0ACA1989CF27}"
EndProject
Project("{FAE04EC0-301F-11D3-BF4B-00C04F79EFBC}") = "1580.DSF_MGL_VJ3_INVENTORY", "1580.DSF_MGL_VJ3_INVENTORY\1580.DSF_MGL_VJ3_INVENTORY.csproj", "{13B82CE1-E5C2-4EA3-AE9E-733B5D6A5923}"
EndProject
Project("{FAE04EC0-301F-11D3-BF4B-00C04F79EFBC}") = "1570_1574.DSF_MGL_VJ3_HR", "1570_1574.DSF_MGL_VJ3_HR_ABSENT\1570_1574.DSF_MGL_VJ3_HR.csproj", "{EB29AF94-D4F5-4CCD-A8B6-C1FCA03755CE}"
EndProject
Project("{FAE04EC0-301F-11D3-BF4B-00C04F79EFBC}") = "1590.DSF_MGL_VJ2_PRODUCTION", "1590.DSF_MGL_VJ2_PRODUCTION\1590.DSF_MGL_VJ2_PRODUCTION.csproj", "{FD59BCF6-E90A-4ADE-BAF7-7D73B430DFB2}"
EndProject
Project("{FAE04EC0-301F-11D3-BF4B-00C04F79EFBC}") = "1620.DSF_MGL_VJ2_BTS", "1620.DSF_MGL_VJ2_BTS\1620.DSF_MGL_VJ2_BTS.csproj", "{54097935-07D8-4EBF-A1D3-47F2D93F576C}"
EndProject
Project("{FAE04EC0-301F-11D3-BF4B-00C04F79EFBC}") = "1630.DSF_MGL_VJ2_QUALITY", "1630.DSF_MGL_VJ2_QUALITY\1630.DSF_MGL_VJ2_QUALITY.csproj", "{F145C924-37E9-4623-9049-E3D3C7D6CFC4}"
EndProject
Project("{FAE04EC0-301F-11D3-BF4B-00C04F79EFBC}") = "1660.DSF_MGL_VJ2_INVENTORY", "1660.DSF_MGL_VJ2_INVENTORY\1660.DSF_MGL_VJ2_INVENTORY.csproj", "{5FC1F07D-F799-4F58-83E7-81147EED763D}"
EndProject
Project("{FAE04EC0-301F-11D3-BF4B-00C04F79EFBC}") = "1670_1671.DSF_MGL_VJ2_HR", "1670_1671.DSF_MGL_VJ2_HR_ABSENT\1670_1671.DSF_MGL_VJ2_HR.csproj", "{9333016C-069E-41C8-BA2D-236E02F15E18}"
EndProject
Global
	GlobalSection(SolutionConfigurationPlatforms) = preSolution
		Debug|Any CPU = Debug|Any CPU
		Debug|Mixed Platforms = Debug|Mixed Platforms
		Debug|x64 = Debug|x64
		Debug|x86 = Debug|x86
		Release|Any CPU = Release|Any CPU
		Release|Mixed Platforms = Release|Mixed Platforms
		Release|x64 = Release|x64
		Release|x86 = Release|x86
	EndGlobalSection
	GlobalSection(ProjectConfigurationPlatforms) = postSolution
		{2E3943C9-7F91-4B71-8120-9F030749C327}.Debug|Any CPU.ActiveCfg = Debug|x86
		{2E3943C9-7F91-4B71-8120-9F030749C327}.Debug|Mixed Platforms.ActiveCfg = Debug|Any CPU
		{2E3943C9-7F91-4B71-8120-9F030749C327}.Debug|Mixed Platforms.Build.0 = Debug|Any CPU
		{2E3943C9-7F91-4B71-8120-9F030749C327}.Debug|x64.ActiveCfg = Debug|x86
		{2E3943C9-7F91-4B71-8120-9F030749C327}.Debug|x86.ActiveCfg = Debug|x86
		{2E3943C9-7F91-4B71-8120-9F030749C327}.Debug|x86.Build.0 = Debug|x86
		{2E3943C9-7F91-4B71-8120-9F030749C327}.Release|Any CPU.ActiveCfg = Release|x86
		{2E3943C9-7F91-4B71-8120-9F030749C327}.Release|Mixed Platforms.ActiveCfg = Release|x86
		{2E3943C9-7F91-4B71-8120-9F030749C327}.Release|Mixed Platforms.Build.0 = Release|x86
		{2E3943C9-7F91-4B71-8120-9F030749C327}.Release|x64.ActiveCfg = Release|x86
		{2E3943C9-7F91-4B71-8120-9F030749C327}.Release|x86.ActiveCfg = Release|x86
		{2E3943C9-7F91-4B71-8120-9F030749C327}.Release|x86.Build.0 = Release|x86
		{1FDD4C55-6914-47C9-89F0-682D023AC3A9}.Debug|Any CPU.ActiveCfg = Debug|Any CPU
		{1FDD4C55-6914-47C9-89F0-682D023AC3A9}.Debug|Any CPU.Build.0 = Debug|Any CPU
		{1FDD4C55-6914-47C9-89F0-682D023AC3A9}.Debug|Mixed Platforms.ActiveCfg = Debug|Any CPU
		{1FDD4C55-6914-47C9-89F0-682D023AC3A9}.Debug|Mixed Platforms.Build.0 = Debug|Any CPU
		{1FDD4C55-6914-47C9-89F0-682D023AC3A9}.Debug|x64.ActiveCfg = Debug|Any CPU
		{1FDD4C55-6914-47C9-89F0-682D023AC3A9}.Debug|x86.ActiveCfg = Debug|Any CPU
		{1FDD4C55-6914-47C9-89F0-682D023AC3A9}.Release|Any CPU.ActiveCfg = Release|Any CPU
		{1FDD4C55-6914-47C9-89F0-682D023AC3A9}.Release|Any CPU.Build.0 = Release|Any CPU
		{1FDD4C55-6914-47C9-89F0-682D023AC3A9}.Release|Mixed Platforms.ActiveCfg = Release|Any CPU
		{1FDD4C55-6914-47C9-89F0-682D023AC3A9}.Release|Mixed Platforms.Build.0 = Release|Any CPU
		{1FDD4C55-6914-47C9-89F0-682D023AC3A9}.Release|x64.ActiveCfg = Release|Any CPU
		{1FDD4C55-6914-47C9-89F0-682D023AC3A9}.Release|x86.ActiveCfg = Release|Any CPU
		{D57E420E-FAF5-4778-9F6B-F5B9E0868A3D}.Debug|Any CPU.ActiveCfg = Debug|Any CPU
		{D57E420E-FAF5-4778-9F6B-F5B9E0868A3D}.Debug|Any CPU.Build.0 = Debug|Any CPU
		{D57E420E-FAF5-4778-9F6B-F5B9E0868A3D}.Debug|Mixed Platforms.ActiveCfg = Debug|Any CPU
		{D57E420E-FAF5-4778-9F6B-F5B9E0868A3D}.Debug|Mixed Platforms.Build.0 = Debug|Any CPU
		{D57E420E-FAF5-4778-9F6B-F5B9E0868A3D}.Debug|x64.ActiveCfg = Debug|Any CPU
		{D57E420E-FAF5-4778-9F6B-F5B9E0868A3D}.Debug|x86.ActiveCfg = Debug|Any CPU
		{D57E420E-FAF5-4778-9F6B-F5B9E0868A3D}.Release|Any CPU.ActiveCfg = Release|Any CPU
		{D57E420E-FAF5-4778-9F6B-F5B9E0868A3D}.Release|Any CPU.Build.0 = Release|Any CPU
		{D57E420E-FAF5-4778-9F6B-F5B9E0868A3D}.Release|Mixed Platforms.ActiveCfg = Release|Any CPU
		{D57E420E-FAF5-4778-9F6B-F5B9E0868A3D}.Release|Mixed Platforms.Build.0 = Release|Any CPU
		{D57E420E-FAF5-4778-9F6B-F5B9E0868A3D}.Release|x64.ActiveCfg = Release|Any CPU
		{D57E420E-FAF5-4778-9F6B-F5B9E0868A3D}.Release|x86.ActiveCfg = Release|Any CPU
		{C3399DB8-F4B6-4746-8FC4-AA705B3AEF0A}.Debug|Any CPU.ActiveCfg = Debug|Any CPU
		{C3399DB8-F4B6-4746-8FC4-AA705B3AEF0A}.Debug|Any CPU.Build.0 = Debug|Any CPU
		{C3399DB8-F4B6-4746-8FC4-AA705B3AEF0A}.Debug|Mixed Platforms.ActiveCfg = Debug|Any CPU
		{C3399DB8-F4B6-4746-8FC4-AA705B3AEF0A}.Debug|Mixed Platforms.Build.0 = Debug|Any CPU
		{C3399DB8-F4B6-4746-8FC4-AA705B3AEF0A}.Debug|x64.ActiveCfg = Debug|Any CPU
		{C3399DB8-F4B6-4746-8FC4-AA705B3AEF0A}.Debug|x86.ActiveCfg = Debug|Any CPU
		{C3399DB8-F4B6-4746-8FC4-AA705B3AEF0A}.Release|Any CPU.ActiveCfg = Release|Any CPU
		{C3399DB8-F4B6-4746-8FC4-AA705B3AEF0A}.Release|Any CPU.Build.0 = Release|Any CPU
		{C3399DB8-F4B6-4746-8FC4-AA705B3AEF0A}.Release|Mixed Platforms.ActiveCfg = Release|Any CPU
		{C3399DB8-F4B6-4746-8FC4-AA705B3AEF0A}.Release|Mixed Platforms.Build.0 = Release|Any CPU
		{C3399DB8-F4B6-4746-8FC4-AA705B3AEF0A}.Release|x64.ActiveCfg = Release|Any CPU
		{C3399DB8-F4B6-4746-8FC4-AA705B3AEF0A}.Release|x86.ActiveCfg = Release|Any CPU
		{D2E0D7EA-3C8C-418E-998B-17D8E8973A6B}.Debug|Any CPU.ActiveCfg = Debug|Any CPU
		{D2E0D7EA-3C8C-418E-998B-17D8E8973A6B}.Debug|Any CPU.Build.0 = Debug|Any CPU
		{D2E0D7EA-3C8C-418E-998B-17D8E8973A6B}.Debug|Mixed Platforms.ActiveCfg = Debug|Any CPU
		{D2E0D7EA-3C8C-418E-998B-17D8E8973A6B}.Debug|Mixed Platforms.Build.0 = Debug|Any CPU
		{D2E0D7EA-3C8C-418E-998B-17D8E8973A6B}.Debug|x64.ActiveCfg = Debug|Any CPU
		{D2E0D7EA-3C8C-418E-998B-17D8E8973A6B}.Debug|x86.ActiveCfg = Debug|Any CPU
		{D2E0D7EA-3C8C-418E-998B-17D8E8973A6B}.Release|Any CPU.ActiveCfg = Release|Any CPU
		{D2E0D7EA-3C8C-418E-998B-17D8E8973A6B}.Release|Any CPU.Build.0 = Release|Any CPU
		{D2E0D7EA-3C8C-418E-998B-17D8E8973A6B}.Release|Mixed Platforms.ActiveCfg = Release|Any CPU
		{D2E0D7EA-3C8C-418E-998B-17D8E8973A6B}.Release|Mixed Platforms.Build.0 = Release|Any CPU
		{D2E0D7EA-3C8C-418E-998B-17D8E8973A6B}.Release|x64.ActiveCfg = Release|Any CPU
		{D2E0D7EA-3C8C-418E-998B-17D8E8973A6B}.Release|x86.ActiveCfg = Release|Any CPU
		{9145777D-B75F-44D3-9FE0-814E89FA6CE7}.Debug|Any CPU.ActiveCfg = Debug|Any CPU
		{9145777D-B75F-44D3-9FE0-814E89FA6CE7}.Debug|Any CPU.Build.0 = Debug|Any CPU
		{9145777D-B75F-44D3-9FE0-814E89FA6CE7}.Debug|Mixed Platforms.ActiveCfg = Debug|Any CPU
		{9145777D-B75F-44D3-9FE0-814E89FA6CE7}.Debug|Mixed Platforms.Build.0 = Debug|Any CPU
		{9145777D-B75F-44D3-9FE0-814E89FA6CE7}.Debug|x64.ActiveCfg = Debug|Any CPU
		{9145777D-B75F-44D3-9FE0-814E89FA6CE7}.Debug|x86.ActiveCfg = Debug|Any CPU
		{9145777D-B75F-44D3-9FE0-814E89FA6CE7}.Release|Any CPU.ActiveCfg = Release|Any CPU
		{9145777D-B75F-44D3-9FE0-814E89FA6CE7}.Release|Any CPU.Build.0 = Release|Any CPU
		{9145777D-B75F-44D3-9FE0-814E89FA6CE7}.Release|Mixed Platforms.ActiveCfg = Release|Any CPU
		{9145777D-B75F-44D3-9FE0-814E89FA6CE7}.Release|Mixed Platforms.Build.0 = Release|Any CPU
		{9145777D-B75F-44D3-9FE0-814E89FA6CE7}.Release|x64.ActiveCfg = Release|Any CPU
		{9145777D-B75F-44D3-9FE0-814E89FA6CE7}.Release|x86.ActiveCfg = Release|Any CPU
		{7587E7B6-A4A0-4D0D-8BE3-DC85AFB7184B}.Debug|Any CPU.ActiveCfg = Debug|Any CPU
		{7587E7B6-A4A0-4D0D-8BE3-DC85AFB7184B}.Debug|Any CPU.Build.0 = Debug|Any CPU
		{7587E7B6-A4A0-4D0D-8BE3-DC85AFB7184B}.Debug|Mixed Platforms.ActiveCfg = Debug|Any CPU
		{7587E7B6-A4A0-4D0D-8BE3-DC85AFB7184B}.Debug|Mixed Platforms.Build.0 = Debug|Any CPU
		{7587E7B6-A4A0-4D0D-8BE3-DC85AFB7184B}.Debug|x64.ActiveCfg = Debug|x64
		{7587E7B6-A4A0-4D0D-8BE3-DC85AFB7184B}.Debug|x64.Build.0 = Debug|x64
		{7587E7B6-A4A0-4D0D-8BE3-DC85AFB7184B}.Debug|x86.ActiveCfg = Debug|Any CPU
		{7587E7B6-A4A0-4D0D-8BE3-DC85AFB7184B}.Release|Any CPU.ActiveCfg = Release|Any CPU
		{7587E7B6-A4A0-4D0D-8BE3-DC85AFB7184B}.Release|Any CPU.Build.0 = Release|Any CPU
		{7587E7B6-A4A0-4D0D-8BE3-DC85AFB7184B}.Release|Mixed Platforms.ActiveCfg = Release|Any CPU
		{7587E7B6-A4A0-4D0D-8BE3-DC85AFB7184B}.Release|Mixed Platforms.Build.0 = Release|Any CPU
		{7587E7B6-A4A0-4D0D-8BE3-DC85AFB7184B}.Release|x64.ActiveCfg = Release|x64
		{7587E7B6-A4A0-4D0D-8BE3-DC85AFB7184B}.Release|x64.Build.0 = Release|x64
		{7587E7B6-A4A0-4D0D-8BE3-DC85AFB7184B}.Release|x86.ActiveCfg = Release|Any CPU
		{992378C3-66A1-4E98-96F5-CE2B26E0CAB2}.Debug|Any CPU.ActiveCfg = Debug|Any CPU
		{992378C3-66A1-4E98-96F5-CE2B26E0CAB2}.Debug|Any CPU.Build.0 = Debug|Any CPU
		{992378C3-66A1-4E98-96F5-CE2B26E0CAB2}.Debug|Mixed Platforms.ActiveCfg = Debug|Any CPU
		{992378C3-66A1-4E98-96F5-CE2B26E0CAB2}.Debug|Mixed Platforms.Build.0 = Debug|Any CPU
		{992378C3-66A1-4E98-96F5-CE2B26E0CAB2}.Debug|x64.ActiveCfg = Debug|x86
		{992378C3-66A1-4E98-96F5-CE2B26E0CAB2}.Debug|x86.ActiveCfg = Debug|x86
		{992378C3-66A1-4E98-96F5-CE2B26E0CAB2}.Debug|x86.Build.0 = Debug|x86
		{992378C3-66A1-4E98-96F5-CE2B26E0CAB2}.Release|Any CPU.ActiveCfg = Release|Any CPU
		{992378C3-66A1-4E98-96F5-CE2B26E0CAB2}.Release|Any CPU.Build.0 = Release|Any CPU
		{992378C3-66A1-4E98-96F5-CE2B26E0CAB2}.Release|Mixed Platforms.ActiveCfg = Release|Any CPU
		{992378C3-66A1-4E98-96F5-CE2B26E0CAB2}.Release|Mixed Platforms.Build.0 = Release|Any CPU
		{992378C3-66A1-4E98-96F5-CE2B26E0CAB2}.Release|x64.ActiveCfg = Release|x86
		{992378C3-66A1-4E98-96F5-CE2B26E0CAB2}.Release|x86.ActiveCfg = Release|x86
		{992378C3-66A1-4E98-96F5-CE2B26E0CAB2}.Release|x86.Build.0 = Release|x86
		{F63D1251-F1F4-4EFF-8732-8E0EEF548653}.Debug|Any CPU.ActiveCfg = Debug|Any CPU
		{F63D1251-F1F4-4EFF-8732-8E0EEF548653}.Debug|Any CPU.Build.0 = Debug|Any CPU
		{F63D1251-F1F4-4EFF-8732-8E0EEF548653}.Debug|Mixed Platforms.ActiveCfg = Debug|Any CPU
		{F63D1251-F1F4-4EFF-8732-8E0EEF548653}.Debug|Mixed Platforms.Build.0 = Debug|Any CPU
		{F63D1251-F1F4-4EFF-8732-8E0EEF548653}.Debug|x64.ActiveCfg = Debug|Any CPU
		{F63D1251-F1F4-4EFF-8732-8E0EEF548653}.Debug|x86.ActiveCfg = Debug|Any CPU
		{F63D1251-F1F4-4EFF-8732-8E0EEF548653}.Release|Any CPU.ActiveCfg = Release|Any CPU
		{F63D1251-F1F4-4EFF-8732-8E0EEF548653}.Release|Any CPU.Build.0 = Release|Any CPU
		{F63D1251-F1F4-4EFF-8732-8E0EEF548653}.Release|Mixed Platforms.ActiveCfg = Release|Any CPU
		{F63D1251-F1F4-4EFF-8732-8E0EEF548653}.Release|Mixed Platforms.Build.0 = Release|Any CPU
		{F63D1251-F1F4-4EFF-8732-8E0EEF548653}.Release|x64.ActiveCfg = Release|Any CPU
		{F63D1251-F1F4-4EFF-8732-8E0EEF548653}.Release|x86.ActiveCfg = Release|Any CPU
		{443F16C7-5C04-47C1-91A4-A9CF52EC2AE7}.Debug|Any CPU.ActiveCfg = Debug|Any CPU
		{443F16C7-5C04-47C1-91A4-A9CF52EC2AE7}.Debug|Any CPU.Build.0 = Debug|Any CPU
		{443F16C7-5C04-47C1-91A4-A9CF52EC2AE7}.Debug|Mixed Platforms.ActiveCfg = Debug|Any CPU
		{443F16C7-5C04-47C1-91A4-A9CF52EC2AE7}.Debug|Mixed Platforms.Build.0 = Debug|Any CPU
		{443F16C7-5C04-47C1-91A4-A9CF52EC2AE7}.Debug|x64.ActiveCfg = Debug|Any CPU
		{443F16C7-5C04-47C1-91A4-A9CF52EC2AE7}.Debug|x86.ActiveCfg = Debug|Any CPU
		{443F16C7-5C04-47C1-91A4-A9CF52EC2AE7}.Release|Any CPU.ActiveCfg = Release|Any CPU
		{443F16C7-5C04-47C1-91A4-A9CF52EC2AE7}.Release|Any CPU.Build.0 = Release|Any CPU
		{443F16C7-5C04-47C1-91A4-A9CF52EC2AE7}.Release|Mixed Platforms.ActiveCfg = Release|Any CPU
		{443F16C7-5C04-47C1-91A4-A9CF52EC2AE7}.Release|Mixed Platforms.Build.0 = Release|Any CPU
		{443F16C7-5C04-47C1-91A4-A9CF52EC2AE7}.Release|x64.ActiveCfg = Release|Any CPU
		{443F16C7-5C04-47C1-91A4-A9CF52EC2AE7}.Release|x86.ActiveCfg = Release|Any CPU
		{72AA8068-8A38-4D03-A1DB-E813EB7232CA}.Debug|Any CPU.ActiveCfg = Debug|Any CPU
		{72AA8068-8A38-4D03-A1DB-E813EB7232CA}.Debug|Any CPU.Build.0 = Debug|Any CPU
		{72AA8068-8A38-4D03-A1DB-E813EB7232CA}.Debug|Mixed Platforms.ActiveCfg = Debug|Any CPU
		{72AA8068-8A38-4D03-A1DB-E813EB7232CA}.Debug|Mixed Platforms.Build.0 = Debug|Any CPU
		{72AA8068-8A38-4D03-A1DB-E813EB7232CA}.Debug|x64.ActiveCfg = Debug|Any CPU
		{72AA8068-8A38-4D03-A1DB-E813EB7232CA}.Debug|x86.ActiveCfg = Debug|Any CPU
		{72AA8068-8A38-4D03-A1DB-E813EB7232CA}.Release|Any CPU.ActiveCfg = Release|Any CPU
		{72AA8068-8A38-4D03-A1DB-E813EB7232CA}.Release|Any CPU.Build.0 = Release|Any CPU
		{72AA8068-8A38-4D03-A1DB-E813EB7232CA}.Release|Mixed Platforms.ActiveCfg = Release|Any CPU
		{72AA8068-8A38-4D03-A1DB-E813EB7232CA}.Release|Mixed Platforms.Build.0 = Release|Any CPU
		{72AA8068-8A38-4D03-A1DB-E813EB7232CA}.Release|x64.ActiveCfg = Release|Any CPU
		{72AA8068-8A38-4D03-A1DB-E813EB7232CA}.Release|x86.ActiveCfg = Release|Any CPU
		{256991B0-C670-4626-B90A-7C30D90A6EF7}.Debug|Any CPU.ActiveCfg = Debug|Any CPU
		{256991B0-C670-4626-B90A-7C30D90A6EF7}.Debug|Any CPU.Build.0 = Debug|Any CPU
		{256991B0-C670-4626-B90A-7C30D90A6EF7}.Debug|Mixed Platforms.ActiveCfg = Debug|Any CPU
		{256991B0-C670-4626-B90A-7C30D90A6EF7}.Debug|Mixed Platforms.Build.0 = Debug|Any CPU
		{256991B0-C670-4626-B90A-7C30D90A6EF7}.Debug|x64.ActiveCfg = Debug|Any CPU
		{256991B0-C670-4626-B90A-7C30D90A6EF7}.Debug|x86.ActiveCfg = Debug|Any CPU
		{256991B0-C670-4626-B90A-7C30D90A6EF7}.Release|Any CPU.ActiveCfg = Release|Any CPU
		{256991B0-C670-4626-B90A-7C30D90A6EF7}.Release|Any CPU.Build.0 = Release|Any CPU
		{256991B0-C670-4626-B90A-7C30D90A6EF7}.Release|Mixed Platforms.ActiveCfg = Release|Any CPU
		{256991B0-C670-4626-B90A-7C30D90A6EF7}.Release|Mixed Platforms.Build.0 = Release|Any CPU
		{256991B0-C670-4626-B90A-7C30D90A6EF7}.Release|x64.ActiveCfg = Release|Any CPU
		{256991B0-C670-4626-B90A-7C30D90A6EF7}.Release|x86.ActiveCfg = Release|Any CPU
		{4B16A6B6-3093-4FB2-AF14-1BCF83E3D740}.Debug|Any CPU.ActiveCfg = Debug|Any CPU
		{4B16A6B6-3093-4FB2-AF14-1BCF83E3D740}.Debug|Any CPU.Build.0 = Debug|Any CPU
		{4B16A6B6-3093-4FB2-AF14-1BCF83E3D740}.Debug|Mixed Platforms.ActiveCfg = Debug|Any CPU
		{4B16A6B6-3093-4FB2-AF14-1BCF83E3D740}.Debug|Mixed Platforms.Build.0 = Debug|Any CPU
		{4B16A6B6-3093-4FB2-AF14-1BCF83E3D740}.Debug|x64.ActiveCfg = Debug|Any CPU
		{4B16A6B6-3093-4FB2-AF14-1BCF83E3D740}.Debug|x86.ActiveCfg = Debug|Any CPU
		{4B16A6B6-3093-4FB2-AF14-1BCF83E3D740}.Release|Any CPU.ActiveCfg = Release|Any CPU
		{4B16A6B6-3093-4FB2-AF14-1BCF83E3D740}.Release|Any CPU.Build.0 = Release|Any CPU
		{4B16A6B6-3093-4FB2-AF14-1BCF83E3D740}.Release|Mixed Platforms.ActiveCfg = Release|Any CPU
		{4B16A6B6-3093-4FB2-AF14-1BCF83E3D740}.Release|Mixed Platforms.Build.0 = Release|Any CPU
		{4B16A6B6-3093-4FB2-AF14-1BCF83E3D740}.Release|x64.ActiveCfg = Release|Any CPU
		{4B16A6B6-3093-4FB2-AF14-1BCF83E3D740}.Release|x86.ActiveCfg = Release|Any CPU
		{A0AA289F-59D9-4AE8-A932-7602C620A0C9}.Debug|Any CPU.ActiveCfg = Debug|Any CPU
		{A0AA289F-59D9-4AE8-A932-7602C620A0C9}.Debug|Any CPU.Build.0 = Debug|Any CPU
		{A0AA289F-59D9-4AE8-A932-7602C620A0C9}.Debug|Mixed Platforms.ActiveCfg = Debug|Any CPU
		{A0AA289F-59D9-4AE8-A932-7602C620A0C9}.Debug|Mixed Platforms.Build.0 = Debug|Any CPU
		{A0AA289F-59D9-4AE8-A932-7602C620A0C9}.Debug|x64.ActiveCfg = Debug|Any CPU
		{A0AA289F-59D9-4AE8-A932-7602C620A0C9}.Debug|x86.ActiveCfg = Debug|Any CPU
		{A0AA289F-59D9-4AE8-A932-7602C620A0C9}.Release|Any CPU.ActiveCfg = Release|Any CPU
		{A0AA289F-59D9-4AE8-A932-7602C620A0C9}.Release|Any CPU.Build.0 = Release|Any CPU
		{A0AA289F-59D9-4AE8-A932-7602C620A0C9}.Release|Mixed Platforms.ActiveCfg = Release|Any CPU
		{A0AA289F-59D9-4AE8-A932-7602C620A0C9}.Release|Mixed Platforms.Build.0 = Release|Any CPU
		{A0AA289F-59D9-4AE8-A932-7602C620A0C9}.Release|x64.ActiveCfg = Release|Any CPU
		{A0AA289F-59D9-4AE8-A932-7602C620A0C9}.Release|x86.ActiveCfg = Release|Any CPU
		{32A9DD19-C5FA-4FA5-A303-3F27EF11B577}.Debug|Any CPU.ActiveCfg = Debug|Any CPU
		{32A9DD19-C5FA-4FA5-A303-3F27EF11B577}.Debug|Any CPU.Build.0 = Debug|Any CPU
		{32A9DD19-C5FA-4FA5-A303-3F27EF11B577}.Debug|Mixed Platforms.ActiveCfg = Debug|Any CPU
		{32A9DD19-C5FA-4FA5-A303-3F27EF11B577}.Debug|Mixed Platforms.Build.0 = Debug|Any CPU
		{32A9DD19-C5FA-4FA5-A303-3F27EF11B577}.Debug|x64.ActiveCfg = Debug|Any CPU
		{32A9DD19-C5FA-4FA5-A303-3F27EF11B577}.Debug|x86.ActiveCfg = Debug|Any CPU
		{32A9DD19-C5FA-4FA5-A303-3F27EF11B577}.Release|Any CPU.ActiveCfg = Release|Any CPU
		{32A9DD19-C5FA-4FA5-A303-3F27EF11B577}.Release|Any CPU.Build.0 = Release|Any CPU
		{32A9DD19-C5FA-4FA5-A303-3F27EF11B577}.Release|Mixed Platforms.ActiveCfg = Release|Any CPU
		{32A9DD19-C5FA-4FA5-A303-3F27EF11B577}.Release|Mixed Platforms.Build.0 = Release|Any CPU
		{32A9DD19-C5FA-4FA5-A303-3F27EF11B577}.Release|x64.ActiveCfg = Release|Any CPU
		{32A9DD19-C5FA-4FA5-A303-3F27EF11B577}.Release|x86.ActiveCfg = Release|Any CPU
		{B2D2A823-8924-4737-BAF7-2439D33A9A70}.Debug|Any CPU.ActiveCfg = Debug|Any CPU
		{B2D2A823-8924-4737-BAF7-2439D33A9A70}.Debug|Any CPU.Build.0 = Debug|Any CPU
		{B2D2A823-8924-4737-BAF7-2439D33A9A70}.Debug|Mixed Platforms.ActiveCfg = Debug|Any CPU
		{B2D2A823-8924-4737-BAF7-2439D33A9A70}.Debug|Mixed Platforms.Build.0 = Debug|Any CPU
		{B2D2A823-8924-4737-BAF7-2439D33A9A70}.Debug|x64.ActiveCfg = Debug|Any CPU
		{B2D2A823-8924-4737-BAF7-2439D33A9A70}.Debug|x86.ActiveCfg = Debug|Any CPU
		{B2D2A823-8924-4737-BAF7-2439D33A9A70}.Release|Any CPU.ActiveCfg = Release|Any CPU
		{B2D2A823-8924-4737-BAF7-2439D33A9A70}.Release|Any CPU.Build.0 = Release|Any CPU
		{B2D2A823-8924-4737-BAF7-2439D33A9A70}.Release|Mixed Platforms.ActiveCfg = Release|Any CPU
		{B2D2A823-8924-4737-BAF7-2439D33A9A70}.Release|Mixed Platforms.Build.0 = Release|Any CPU
		{B2D2A823-8924-4737-BAF7-2439D33A9A70}.Release|x64.ActiveCfg = Release|Any CPU
		{B2D2A823-8924-4737-BAF7-2439D33A9A70}.Release|x86.ActiveCfg = Release|Any CPU
		{2F0A3461-5D44-4CD3-9FCC-9D2D7BC3FD6F}.Debug|Any CPU.ActiveCfg = Debug|Any CPU
		{2F0A3461-5D44-4CD3-9FCC-9D2D7BC3FD6F}.Debug|Any CPU.Build.0 = Debug|Any CPU
		{2F0A3461-5D44-4CD3-9FCC-9D2D7BC3FD6F}.Debug|Mixed Platforms.ActiveCfg = Debug|Any CPU
		{2F0A3461-5D44-4CD3-9FCC-9D2D7BC3FD6F}.Debug|Mixed Platforms.Build.0 = Debug|Any CPU
		{2F0A3461-5D44-4CD3-9FCC-9D2D7BC3FD6F}.Debug|x64.ActiveCfg = Debug|Any CPU
		{2F0A3461-5D44-4CD3-9FCC-9D2D7BC3FD6F}.Debug|x86.ActiveCfg = Debug|Any CPU
		{2F0A3461-5D44-4CD3-9FCC-9D2D7BC3FD6F}.Release|Any CPU.ActiveCfg = Release|Any CPU
		{2F0A3461-5D44-4CD3-9FCC-9D2D7BC3FD6F}.Release|Any CPU.Build.0 = Release|Any CPU
		{2F0A3461-5D44-4CD3-9FCC-9D2D7BC3FD6F}.Release|Mixed Platforms.ActiveCfg = Release|Any CPU
		{2F0A3461-5D44-4CD3-9FCC-9D2D7BC3FD6F}.Release|Mixed Platforms.Build.0 = Release|Any CPU
		{2F0A3461-5D44-4CD3-9FCC-9D2D7BC3FD6F}.Release|x64.ActiveCfg = Release|Any CPU
		{2F0A3461-5D44-4CD3-9FCC-9D2D7BC3FD6F}.Release|x86.ActiveCfg = Release|Any CPU
		{83D0E17A-78AE-496F-AE6D-1AC91DDED379}.Debug|Any CPU.ActiveCfg = Debug|Any CPU
		{83D0E17A-78AE-496F-AE6D-1AC91DDED379}.Debug|Any CPU.Build.0 = Debug|Any CPU
		{83D0E17A-78AE-496F-AE6D-1AC91DDED379}.Debug|Mixed Platforms.ActiveCfg = Debug|Any CPU
		{83D0E17A-78AE-496F-AE6D-1AC91DDED379}.Debug|Mixed Platforms.Build.0 = Debug|Any CPU
		{83D0E17A-78AE-496F-AE6D-1AC91DDED379}.Debug|x64.ActiveCfg = Debug|Any CPU
		{83D0E17A-78AE-496F-AE6D-1AC91DDED379}.Debug|x86.ActiveCfg = Debug|Any CPU
		{83D0E17A-78AE-496F-AE6D-1AC91DDED379}.Release|Any CPU.ActiveCfg = Release|Any CPU
		{83D0E17A-78AE-496F-AE6D-1AC91DDED379}.Release|Any CPU.Build.0 = Release|Any CPU
		{83D0E17A-78AE-496F-AE6D-1AC91DDED379}.Release|Mixed Platforms.ActiveCfg = Release|Any CPU
		{83D0E17A-78AE-496F-AE6D-1AC91DDED379}.Release|Mixed Platforms.Build.0 = Release|Any CPU
		{83D0E17A-78AE-496F-AE6D-1AC91DDED379}.Release|x64.ActiveCfg = Release|Any CPU
		{83D0E17A-78AE-496F-AE6D-1AC91DDED379}.Release|x86.ActiveCfg = Release|Any CPU
		{0283EFFD-38D0-4758-B2A7-73A901FA913C}.Debug|Any CPU.ActiveCfg = Debug|Any CPU
		{0283EFFD-38D0-4758-B2A7-73A901FA913C}.Debug|Any CPU.Build.0 = Debug|Any CPU
		{0283EFFD-38D0-4758-B2A7-73A901FA913C}.Debug|Mixed Platforms.ActiveCfg = Debug|Any CPU
		{0283EFFD-38D0-4758-B2A7-73A901FA913C}.Debug|Mixed Platforms.Build.0 = Debug|Any CPU
		{0283EFFD-38D0-4758-B2A7-73A901FA913C}.Debug|x64.ActiveCfg = Debug|Any CPU
		{0283EFFD-38D0-4758-B2A7-73A901FA913C}.Debug|x86.ActiveCfg = Debug|Any CPU
		{0283EFFD-38D0-4758-B2A7-73A901FA913C}.Release|Any CPU.ActiveCfg = Release|Any CPU
		{0283EFFD-38D0-4758-B2A7-73A901FA913C}.Release|Any CPU.Build.0 = Release|Any CPU
		{0283EFFD-38D0-4758-B2A7-73A901FA913C}.Release|Mixed Platforms.ActiveCfg = Release|Any CPU
		{0283EFFD-38D0-4758-B2A7-73A901FA913C}.Release|Mixed Platforms.Build.0 = Release|Any CPU
		{0283EFFD-38D0-4758-B2A7-73A901FA913C}.Release|x64.ActiveCfg = Release|Any CPU
		{0283EFFD-38D0-4758-B2A7-73A901FA913C}.Release|x86.ActiveCfg = Release|Any CPU
		{FBBE7E17-5F53-4802-B462-50F1901578ED}.Debug|Any CPU.ActiveCfg = Debug|Any CPU
		{FBBE7E17-5F53-4802-B462-50F1901578ED}.Debug|Any CPU.Build.0 = Debug|Any CPU
		{FBBE7E17-5F53-4802-B462-50F1901578ED}.Debug|Mixed Platforms.ActiveCfg = Debug|Any CPU
		{FBBE7E17-5F53-4802-B462-50F1901578ED}.Debug|Mixed Platforms.Build.0 = Debug|Any CPU
		{FBBE7E17-5F53-4802-B462-50F1901578ED}.Debug|x64.ActiveCfg = Debug|Any CPU
		{FBBE7E17-5F53-4802-B462-50F1901578ED}.Debug|x86.ActiveCfg = Debug|Any CPU
		{FBBE7E17-5F53-4802-B462-50F1901578ED}.Release|Any CPU.ActiveCfg = Release|Any CPU
		{FBBE7E17-5F53-4802-B462-50F1901578ED}.Release|Any CPU.Build.0 = Release|Any CPU
		{FBBE7E17-5F53-4802-B462-50F1901578ED}.Release|Mixed Platforms.ActiveCfg = Release|Any CPU
		{FBBE7E17-5F53-4802-B462-50F1901578ED}.Release|Mixed Platforms.Build.0 = Release|Any CPU
		{FBBE7E17-5F53-4802-B462-50F1901578ED}.Release|x64.ActiveCfg = Release|Any CPU
		{FBBE7E17-5F53-4802-B462-50F1901578ED}.Release|x86.ActiveCfg = Release|Any CPU
		{32EF3F82-21AE-4CC4-9C1D-0ACA1989CF27}.Debug|Any CPU.ActiveCfg = Debug|Any CPU
		{32EF3F82-21AE-4CC4-9C1D-0ACA1989CF27}.Debug|Any CPU.Build.0 = Debug|Any CPU
		{32EF3F82-21AE-4CC4-9C1D-0ACA1989CF27}.Debug|Mixed Platforms.ActiveCfg = Debug|Any CPU
		{32EF3F82-21AE-4CC4-9C1D-0ACA1989CF27}.Debug|Mixed Platforms.Build.0 = Debug|Any CPU
		{32EF3F82-21AE-4CC4-9C1D-0ACA1989CF27}.Debug|x64.ActiveCfg = Debug|Any CPU
		{32EF3F82-21AE-4CC4-9C1D-0ACA1989CF27}.Debug|x64.Build.0 = Debug|Any CPU
		{32EF3F82-21AE-4CC4-9C1D-0ACA1989CF27}.Debug|x86.ActiveCfg = Debug|Any CPU
		{32EF3F82-21AE-4CC4-9C1D-0ACA1989CF27}.Debug|x86.Build.0 = Debug|Any CPU
		{32EF3F82-21AE-4CC4-9C1D-0ACA1989CF27}.Release|Any CPU.ActiveCfg = Release|Any CPU
		{32EF3F82-21AE-4CC4-9C1D-0ACA1989CF27}.Release|Any CPU.Build.0 = Release|Any CPU
		{32EF3F82-21AE-4CC4-9C1D-0ACA1989CF27}.Release|Mixed Platforms.ActiveCfg = Release|Any CPU
		{32EF3F82-21AE-4CC4-9C1D-0ACA1989CF27}.Release|Mixed Platforms.Build.0 = Release|Any CPU
		{32EF3F82-21AE-4CC4-9C1D-0ACA1989CF27}.Release|x64.ActiveCfg = Release|Any CPU
		{32EF3F82-21AE-4CC4-9C1D-0ACA1989CF27}.Release|x64.Build.0 = Release|Any CPU
		{32EF3F82-21AE-4CC4-9C1D-0ACA1989CF27}.Release|x86.ActiveCfg = Release|Any CPU
		{32EF3F82-21AE-4CC4-9C1D-0ACA1989CF27}.Release|x86.Build.0 = Release|Any CPU
		{13B82CE1-E5C2-4EA3-AE9E-733B5D6A5923}.Debug|Any CPU.ActiveCfg = Debug|Any CPU
		{13B82CE1-E5C2-4EA3-AE9E-733B5D6A5923}.Debug|Any CPU.Build.0 = Debug|Any CPU
		{13B82CE1-E5C2-4EA3-AE9E-733B5D6A5923}.Debug|Mixed Platforms.ActiveCfg = Debug|Any CPU
		{13B82CE1-E5C2-4EA3-AE9E-733B5D6A5923}.Debug|Mixed Platforms.Build.0 = Debug|Any CPU
		{13B82CE1-E5C2-4EA3-AE9E-733B5D6A5923}.Debug|x64.ActiveCfg = Debug|Any CPU
		{13B82CE1-E5C2-4EA3-AE9E-733B5D6A5923}.Debug|x64.Build.0 = Debug|Any CPU
		{13B82CE1-E5C2-4EA3-AE9E-733B5D6A5923}.Debug|x86.ActiveCfg = Debug|Any CPU
		{13B82CE1-E5C2-4EA3-AE9E-733B5D6A5923}.Debug|x86.Build.0 = Debug|Any CPU
		{13B82CE1-E5C2-4EA3-AE9E-733B5D6A5923}.Release|Any CPU.ActiveCfg = Release|Any CPU
		{13B82CE1-E5C2-4EA3-AE9E-733B5D6A5923}.Release|Any CPU.Build.0 = Release|Any CPU
		{13B82CE1-E5C2-4EA3-AE9E-733B5D6A5923}.Release|Mixed Platforms.ActiveCfg = Release|Any CPU
		{13B82CE1-E5C2-4EA3-AE9E-733B5D6A5923}.Release|Mixed Platforms.Build.0 = Release|Any CPU
		{13B82CE1-E5C2-4EA3-AE9E-733B5D6A5923}.Release|x64.ActiveCfg = Release|Any CPU
		{13B82CE1-E5C2-4EA3-AE9E-733B5D6A5923}.Release|x64.Build.0 = Release|Any CPU
		{13B82CE1-E5C2-4EA3-AE9E-733B5D6A5923}.Release|x86.ActiveCfg = Release|Any CPU
		{13B82CE1-E5C2-4EA3-AE9E-733B5D6A5923}.Release|x86.Build.0 = Release|Any CPU
		{EB29AF94-D4F5-4CCD-A8B6-C1FCA03755CE}.Debug|Any CPU.ActiveCfg = Debug|Any CPU
		{EB29AF94-D4F5-4CCD-A8B6-C1FCA03755CE}.Debug|Any CPU.Build.0 = Debug|Any CPU
		{EB29AF94-D4F5-4CCD-A8B6-C1FCA03755CE}.Debug|Mixed Platforms.ActiveCfg = Debug|Any CPU
		{EB29AF94-D4F5-4CCD-A8B6-C1FCA03755CE}.Debug|Mixed Platforms.Build.0 = Debug|Any CPU
		{EB29AF94-D4F5-4CCD-A8B6-C1FCA03755CE}.Debug|x64.ActiveCfg = Debug|Any CPU
		{EB29AF94-D4F5-4CCD-A8B6-C1FCA03755CE}.Debug|x64.Build.0 = Debug|Any CPU
		{EB29AF94-D4F5-4CCD-A8B6-C1FCA03755CE}.Debug|x86.ActiveCfg = Debug|Any CPU
		{EB29AF94-D4F5-4CCD-A8B6-C1FCA03755CE}.Debug|x86.Build.0 = Debug|Any CPU
		{EB29AF94-D4F5-4CCD-A8B6-C1FCA03755CE}.Release|Any CPU.ActiveCfg = Release|Any CPU
		{EB29AF94-D4F5-4CCD-A8B6-C1FCA03755CE}.Release|Any CPU.Build.0 = Release|Any CPU
		{EB29AF94-D4F5-4CCD-A8B6-C1FCA03755CE}.Release|Mixed Platforms.ActiveCfg = Release|Any CPU
		{EB29AF94-D4F5-4CCD-A8B6-C1FCA03755CE}.Release|Mixed Platforms.Build.0 = Release|Any CPU
		{EB29AF94-D4F5-4CCD-A8B6-C1FCA03755CE}.Release|x64.ActiveCfg = Release|Any CPU
		{EB29AF94-D4F5-4CCD-A8B6-C1FCA03755CE}.Release|x64.Build.0 = Release|Any CPU
		{EB29AF94-D4F5-4CCD-A8B6-C1FCA03755CE}.Release|x86.ActiveCfg = Release|Any CPU
		{EB29AF94-D4F5-4CCD-A8B6-C1FCA03755CE}.Release|x86.Build.0 = Release|Any CPU
		{FD59BCF6-E90A-4ADE-BAF7-7D73B430DFB2}.Debug|Any CPU.ActiveCfg = Debug|Any CPU
		{FD59BCF6-E90A-4ADE-BAF7-7D73B430DFB2}.Debug|Any CPU.Build.0 = Debug|Any CPU
		{FD59BCF6-E90A-4ADE-BAF7-7D73B430DFB2}.Debug|Mixed Platforms.ActiveCfg = Debug|Any CPU
		{FD59BCF6-E90A-4ADE-BAF7-7D73B430DFB2}.Debug|Mixed Platforms.Build.0 = Debug|Any CPU
		{FD59BCF6-E90A-4ADE-BAF7-7D73B430DFB2}.Debug|x64.ActiveCfg = Debug|Any CPU
		{FD59BCF6-E90A-4ADE-BAF7-7D73B430DFB2}.Debug|x64.Build.0 = Debug|Any CPU
		{FD59BCF6-E90A-4ADE-BAF7-7D73B430DFB2}.Debug|x86.ActiveCfg = Debug|Any CPU
		{FD59BCF6-E90A-4ADE-BAF7-7D73B430DFB2}.Debug|x86.Build.0 = Debug|Any CPU
		{FD59BCF6-E90A-4ADE-BAF7-7D73B430DFB2}.Release|Any CPU.ActiveCfg = Release|Any CPU
		{FD59BCF6-E90A-4ADE-BAF7-7D73B430DFB2}.Release|Any CPU.Build.0 = Release|Any CPU
		{FD59BCF6-E90A-4ADE-BAF7-7D73B430DFB2}.Release|Mixed Platforms.ActiveCfg = Release|Any CPU
		{FD59BCF6-E90A-4ADE-BAF7-7D73B430DFB2}.Release|Mixed Platforms.Build.0 = Release|Any CPU
		{FD59BCF6-E90A-4ADE-BAF7-7D73B430DFB2}.Release|x64.ActiveCfg = Release|Any CPU
		{FD59BCF6-E90A-4ADE-BAF7-7D73B430DFB2}.Release|x64.Build.0 = Release|Any CPU
		{FD59BCF6-E90A-4ADE-BAF7-7D73B430DFB2}.Release|x86.ActiveCfg = Release|Any CPU
		{FD59BCF6-E90A-4ADE-BAF7-7D73B430DFB2}.Release|x86.Build.0 = Release|Any CPU
		{54097935-07D8-4EBF-A1D3-47F2D93F576C}.Debug|Any CPU.ActiveCfg = Debug|Any CPU
		{54097935-07D8-4EBF-A1D3-47F2D93F576C}.Debug|Any CPU.Build.0 = Debug|Any CPU
		{54097935-07D8-4EBF-A1D3-47F2D93F576C}.Debug|Mixed Platforms.ActiveCfg = Debug|Any CPU
		{54097935-07D8-4EBF-A1D3-47F2D93F576C}.Debug|Mixed Platforms.Build.0 = Debug|Any CPU
		{54097935-07D8-4EBF-A1D3-47F2D93F576C}.Debug|x64.ActiveCfg = Debug|Any CPU
		{54097935-07D8-4EBF-A1D3-47F2D93F576C}.Debug|x64.Build.0 = Debug|Any CPU
		{54097935-07D8-4EBF-A1D3-47F2D93F576C}.Debug|x86.ActiveCfg = Debug|Any CPU
		{54097935-07D8-4EBF-A1D3-47F2D93F576C}.Debug|x86.Build.0 = Debug|Any CPU
		{54097935-07D8-4EBF-A1D3-47F2D93F576C}.Release|Any CPU.ActiveCfg = Release|Any CPU
		{54097935-07D8-4EBF-A1D3-47F2D93F576C}.Release|Any CPU.Build.0 = Release|Any CPU
		{54097935-07D8-4EBF-A1D3-47F2D93F576C}.Release|Mixed Platforms.ActiveCfg = Release|Any CPU
		{54097935-07D8-4EBF-A1D3-47F2D93F576C}.Release|Mixed Platforms.Build.0 = Release|Any CPU
		{54097935-07D8-4EBF-A1D3-47F2D93F576C}.Release|x64.ActiveCfg = Release|Any CPU
		{54097935-07D8-4EBF-A1D3-47F2D93F576C}.Release|x64.Build.0 = Release|Any CPU
		{54097935-07D8-4EBF-A1D3-47F2D93F576C}.Release|x86.ActiveCfg = Release|Any CPU
		{54097935-07D8-4EBF-A1D3-47F2D93F576C}.Release|x86.Build.0 = Release|Any CPU
		{F145C924-37E9-4623-9049-E3D3C7D6CFC4}.Debug|Any CPU.ActiveCfg = Debug|Any CPU
		{F145C924-37E9-4623-9049-E3D3C7D6CFC4}.Debug|Any CPU.Build.0 = Debug|Any CPU
		{F145C924-37E9-4623-9049-E3D3C7D6CFC4}.Debug|Mixed Platforms.ActiveCfg = Debug|Any CPU
		{F145C924-37E9-4623-9049-E3D3C7D6CFC4}.Debug|Mixed Platforms.Build.0 = Debug|Any CPU
		{F145C924-37E9-4623-9049-E3D3C7D6CFC4}.Debug|x64.ActiveCfg = Debug|Any CPU
		{F145C924-37E9-4623-9049-E3D3C7D6CFC4}.Debug|x64.Build.0 = Debug|Any CPU
		{F145C924-37E9-4623-9049-E3D3C7D6CFC4}.Debug|x86.ActiveCfg = Debug|Any CPU
		{F145C924-37E9-4623-9049-E3D3C7D6CFC4}.Debug|x86.Build.0 = Debug|Any CPU
		{F145C924-37E9-4623-9049-E3D3C7D6CFC4}.Release|Any CPU.ActiveCfg = Release|Any CPU
		{F145C924-37E9-4623-9049-E3D3C7D6CFC4}.Release|Any CPU.Build.0 = Release|Any CPU
		{F145C924-37E9-4623-9049-E3D3C7D6CFC4}.Release|Mixed Platforms.ActiveCfg = Release|Any CPU
		{F145C924-37E9-4623-9049-E3D3C7D6CFC4}.Release|Mixed Platforms.Build.0 = Release|Any CPU
		{F145C924-37E9-4623-9049-E3D3C7D6CFC4}.Release|x64.ActiveCfg = Release|Any CPU
		{F145C924-37E9-4623-9049-E3D3C7D6CFC4}.Release|x64.Build.0 = Release|Any CPU
		{F145C924-37E9-4623-9049-E3D3C7D6CFC4}.Release|x86.ActiveCfg = Release|Any CPU
		{F145C924-37E9-4623-9049-E3D3C7D6CFC4}.Release|x86.Build.0 = Release|Any CPU
		{5FC1F07D-F799-4F58-83E7-81147EED763D}.Debug|Any CPU.ActiveCfg = Debug|Any CPU
		{5FC1F07D-F799-4F58-83E7-81147EED763D}.Debug|Any CPU.Build.0 = Debug|Any CPU
		{5FC1F07D-F799-4F58-83E7-81147EED763D}.Debug|Mixed Platforms.ActiveCfg = Debug|Any CPU
		{5FC1F07D-F799-4F58-83E7-81147EED763D}.Debug|Mixed Platforms.Build.0 = Debug|Any CPU
		{5FC1F07D-F799-4F58-83E7-81147EED763D}.Debug|x64.ActiveCfg = Debug|Any CPU
		{5FC1F07D-F799-4F58-83E7-81147EED763D}.Debug|x64.Build.0 = Debug|Any CPU
		{5FC1F07D-F799-4F58-83E7-81147EED763D}.Debug|x86.ActiveCfg = Debug|Any CPU
		{5FC1F07D-F799-4F58-83E7-81147EED763D}.Debug|x86.Build.0 = Debug|Any CPU
		{5FC1F07D-F799-4F58-83E7-81147EED763D}.Release|Any CPU.ActiveCfg = Release|Any CPU
		{5FC1F07D-F799-4F58-83E7-81147EED763D}.Release|Any CPU.Build.0 = Release|Any CPU
		{5FC1F07D-F799-4F58-83E7-81147EED763D}.Release|Mixed Platforms.ActiveCfg = Release|Any CPU
		{5FC1F07D-F799-4F58-83E7-81147EED763D}.Release|Mixed Platforms.Build.0 = Release|Any CPU
		{5FC1F07D-F799-4F58-83E7-81147EED763D}.Release|x64.ActiveCfg = Release|Any CPU
		{5FC1F07D-F799-4F58-83E7-81147EED763D}.Release|x64.Build.0 = Release|Any CPU
		{5FC1F07D-F799-4F58-83E7-81147EED763D}.Release|x86.ActiveCfg = Release|Any CPU
		{5FC1F07D-F799-4F58-83E7-81147EED763D}.Release|x86.Build.0 = Release|Any CPU
		{9333016C-069E-41C8-BA2D-236E02F15E18}.Debug|Any CPU.ActiveCfg = Debug|Any CPU
		{9333016C-069E-41C8-BA2D-236E02F15E18}.Debug|Any CPU.Build.0 = Debug|Any CPU
		{9333016C-069E-41C8-BA2D-236E02F15E18}.Debug|Mixed Platforms.ActiveCfg = Debug|Any CPU
		{9333016C-069E-41C8-BA2D-236E02F15E18}.Debug|Mixed Platforms.Build.0 = Debug|Any CPU
		{9333016C-069E-41C8-BA2D-236E02F15E18}.Debug|x64.ActiveCfg = Debug|Any CPU
		{9333016C-069E-41C8-BA2D-236E02F15E18}.Debug|x64.Build.0 = Debug|Any CPU
		{9333016C-069E-41C8-BA2D-236E02F15E18}.Debug|x86.ActiveCfg = Debug|Any CPU
		{9333016C-069E-41C8-BA2D-236E02F15E18}.Debug|x86.Build.0 = Debug|Any CPU
		{9333016C-069E-41C8-BA2D-236E02F15E18}.Release|Any CPU.ActiveCfg = Release|Any CPU
		{9333016C-069E-41C8-BA2D-236E02F15E18}.Release|Any CPU.Build.0 = Release|Any CPU
		{9333016C-069E-41C8-BA2D-236E02F15E18}.Release|Mixed Platforms.ActiveCfg = Release|Any CPU
		{9333016C-069E-41C8-BA2D-236E02F15E18}.Release|Mixed Platforms.Build.0 = Release|Any CPU
		{9333016C-069E-41C8-BA2D-236E02F15E18}.Release|x64.ActiveCfg = Release|Any CPU
		{9333016C-069E-41C8-BA2D-236E02F15E18}.Release|x64.Build.0 = Release|Any CPU
		{9333016C-069E-41C8-BA2D-236E02F15E18}.Release|x86.ActiveCfg = Release|Any CPU
		{9333016C-069E-41C8-BA2D-236E02F15E18}.Release|x86.Build.0 = Release|Any CPU
	EndGlobalSection
	GlobalSection(SolutionProperties) = preSolution
		HideSolutionNode = FALSE
	EndGlobalSection
	GlobalSection(ExtensibilityGlobals) = postSolution
		SolutionGuid = {9B8B5EE8-5702-42C1-9AD6-09923F6608FD}
	EndGlobalSection
EndGlobal
